{
  "name": "agent-pr-security-validation-smoke",
  "version": "0.0.0",
  "lockfileVersion": 3,
  "requires": true,
  "packages": {
    "": {
      "name": "agent-pr-security-validation-smoke",
      "version": "0.0.0",
      "dependencies": {
        "lodash": "4.17.20"
      }
    },
    "node_modules/lodash": {
      "version": "4.17.20",
      "resolved": "https://registry.npmjs.org/lodash/-/lodash-4.17.20.tgz",
      "integrity": "sha512-PlhdGGMdGmGRXG1iLwBIAD+Ra6u8u7Y+aCk03kdF5Gz2UoqHvJeQPR6dwAtFEff0APdGxUz6gb6d9fZfGjyN8g=="
    }
  }
}
